
Microsoft Visual Studio Solution File, Format Version 12.00
# Visual Studio 15
VisualStudioVersion = 15.0.26403.0
MinimumVisualStudioVersion = 10.0.40219.1
Project("{FAE04EC0-301F-11D3-BF4B-00C04F79EFBC}") = "Grid", "Grid\Grid.csproj", "{7D38EF5E-7125-4A16-BC4D-78346282AB2B}"
EndProject
Project("{FAE04EC0-301F-11D3-BF4B-00C04F79EFBC}") = "StackPanel", "StackPanel\StackPanel.csproj", "{AE9F0383-67E5-4FD7-B06F-2AA657DB5BC1}"
EndProject
Project("{FAE04EC0-301F-11D3-BF4B-00C04F79EFBC}") = "DockPanel", "DockPanel\DockPanel.csproj", "{C8604ACA-4887-4567-9955-26D0650BCDDC}"
EndProject
Project("{FAE04EC0-301F-11D3-BF4B-00C04F79EFBC}") = "WrapPanel", "WrapPanel\WrapPanel.csproj", "{032A818A-06B8-4E24-A9BE-2D3429D078A6}"
EndProject
Project("{FAE04EC0-301F-11D3-BF4B-00C04F79EFBC}") = "UniformGrid", "UniformGrid\UniformGrid.csproj", "{12355E22-BB35-42AE-B987-FEC44782EC2B}"
EndProject
Project("{FAE04EC0-301F-11D3-BF4B-00C04F79EFBC}") = "Canvas", "Canvas\Canvas.csproj", "{B7E5E871-7E22-4D3F-B0B3-7F433183D5E4}"
EndProject
Project("{FAE04EC0-301F-11D3-BF4B-00C04F79EFBC}") = "IncCanvas", "IncCanvas\IncCanvas.csproj", "{7BB3CDBD-3C88-46C7-873D-137D6B07D8C6}"
EndProject
Global
	GlobalSection(SolutionConfigurationPlatforms) = preSolution
		Debug|Any CPU = Debug|Any CPU
		Release|Any CPU = Release|Any CPU
	EndGlobalSection
	GlobalSection(ProjectConfigurationPlatforms) = postSolution
		{7D38EF5E-7125-4A16-BC4D-78346282AB2B}.Debug|Any CPU.ActiveCfg = Debug|Any CPU
		{7D38EF5E-7125-4A16-BC4D-78346282AB2B}.Debug|Any CPU.Build.0 = Debug|Any CPU
		{7D38EF5E-7125-4A16-BC4D-78346282AB2B}.Release|Any CPU.ActiveCfg = Release|Any CPU
		{7D38EF5E-7125-4A16-BC4D-78346282AB2B}.Release|Any CPU.Build.0 = Release|Any CPU
		{AE9F0383-67E5-4FD7-B06F-2AA657DB5BC1}.Debug|Any CPU.ActiveCfg = Debug|Any CPU
		{AE9F0383-67E5-4FD7-B06F-2AA657DB5BC1}.Debug|Any CPU.Build.0 = Debug|Any CPU
		{AE9F0383-67E5-4FD7-B06F-2AA657DB5BC1}.Release|Any CPU.ActiveCfg = Release|Any CPU
		{AE9F0383-67E5-4FD7-B06F-2AA657DB5BC1}.Release|Any CPU.Build.0 = Release|Any CPU
		{C8604ACA-4887-4567-9955-26D0650BCDDC}.Debug|Any CPU.ActiveCfg = Debug|Any CPU
		{C8604ACA-4887-4567-9955-26D0650BCDDC}.Debug|Any CPU.Build.0 = Debug|Any CPU
		{C8604ACA-4887-4567-9955-26D0650BCDDC}.Release|Any CPU.ActiveCfg = Release|Any CPU
		{C8604ACA-4887-4567-9955-26D0650BCDDC}.Release|Any CPU.Build.0 = Release|Any CPU
		{032A818A-06B8-4E24-A9BE-2D3429D078A6}.Debug|Any CPU.ActiveCfg = Debug|Any CPU
		{032A818A-06B8-4E24-A9BE-2D3429D078A6}.Debug|Any CPU.Build.0 = Debug|Any CPU
		{032A818A-06B8-4E24-A9BE-2D3429D078A6}.Release|Any CPU.ActiveCfg = Release|Any CPU
		{032A818A-06B8-4E24-A9BE-2D3429D078A6}.Release|Any CPU.Build.0 = Release|Any CPU
		{12355E22-BB35-42AE-B987-FEC44782EC2B}.Debug|Any CPU.ActiveCfg = Debug|Any CPU
		{12355E22-BB35-42AE-B987-FEC44782EC2B}.Debug|Any CPU.Build.0 = Debug|Any CPU
		{12355E22-BB35-42AE-B987-FEC44782EC2B}.Release|Any CPU.ActiveCfg = Release|Any CPU
		{12355E22-BB35-42AE-B987-FEC44782EC2B}.Release|Any CPU.Build.0 = Release|Any CPU
		{B7E5E871-7E22-4D3F-B0B3-7F433183D5E4}.Debug|Any CPU.ActiveCfg = Debug|Any CPU
		{B7E5E871-7E22-4D3F-B0B3-7F433183D5E4}.Debug|Any CPU.Build.0 = Debug|Any CPU
		{B7E5E871-7E22-4D3F-B0B3-7F433183D5E4}.Release|Any CPU.ActiveCfg = Release|Any CPU
		{B7E5E871-7E22-4D3F-B0B3-7F433183D5E4}.Release|Any CPU.Build.0 = Release|Any CPU
		{7BB3CDBD-3C88-46C7-873D-137D6B07D8C6}.Debug|Any CPU.ActiveCfg = Debug|Any CPU
		{7BB3CDBD-3C88-46C7-873D-137D6B07D8C6}.Debug|Any CPU.Build.0 = Debug|Any CPU
		{7BB3CDBD-3C88-46C7-873D-137D6B07D8C6}.Release|Any CPU.ActiveCfg = Release|Any CPU
		{7BB3CDBD-3C88-46C7-873D-137D6B07D8C6}.Release|Any CPU.Build.0 = Release|Any CPU
	EndGlobalSection
	GlobalSection(SolutionProperties) = preSolution
		HideSolutionNode = FALSE
	EndGlobalSection
EndGlobal
